
Microsoft Visual Studio Solution File, Format Version 12.00
# Visual Studio Version 16
VisualStudioVersion = 16.0.31205.134
MinimumVisualStudioVersion = 10.0.40219.1
Project("{FAE04EC0-301F-11D3-BF4B-00C04F79EFBC}") = "SerilogWithElasticExample", "SerilogWithElasticExample\SerilogWithElasticExample.csproj", "{9F820C38-39A8-4D79-A148-60E067908266}"
EndProject
Global
	GlobalSection(SolutionConfigurationPlatforms) = preSolution
		Debug|Any CPU = Debug|Any CPU
		Release|Any CPU = Release|Any CPU
	EndGlobalSection
	GlobalSection(ProjectConfigurationPlatforms) = postSolution
		{9F820C38-39A8-4D79-A148-60E067908266}.Debug|Any CPU.ActiveCfg = Debug|Any CPU
		{9F820C38-39A8-4D79-A148-60E067908266}.Debug|Any CPU.Build.0 = Debug|Any CPU
		{9F820C38-39A8-4D79-A148-60E067908266}.Release|Any CPU.ActiveCfg = Release|Any CPU
		{9F820C38-39A8-4D79-A148-60E067908266}.Release|Any CPU.Build.0 = Release|Any CPU
	EndGlobalSection
	GlobalSection(SolutionProperties) = preSolution
		HideSolutionNode = FALSE
	EndGlobalSection
	GlobalSection(ExtensibilityGlobals) = postSolution
		SolutionGuid = {447A95F3-49D6-4AF8-8F46-9C8A827283BE}
	EndGlobalSection
EndGlobal
